{
  "originHash" : "5c3925e46398d37a39799190120a5b80f4e068c5d34826866fa129ba6aebd31f",
  "pins" : [
    {
      "identity" : "http-client",
      "kind" : "remoteSourceControl",
      "location" : "https://github.com/zunda-pixel/http-client",
      "state" : {
        "revision" : "2a073b058e4c2ffc2810373ac98dc2eeb5974e5e",
        "version" : "0.3.1"
      }
    },
    {
      "identity" : "multipart-kit",
      "kind" : "remoteSourceControl",
      "location" : "https://github.com/vapor/multipart-kit",
      "state" : {
        "revision" : "481a44661dae96a609fc30f6ddad8d6f35c51947",
        "version" : "5.0.0-alpha.5"
      }
    },
    {
      "identity" : "swift-collections",
      "kind" : "remoteSourceControl",
      "location" : "https://github.com/apple/swift-collections.git",
      "state" : {
        "revision" : "671108c96644956dddcd89dd59c203dcdb36cec7",
        "version" : "1.1.4"
      }
    },
    {
      "identity" : "swift-http-types",
      "kind" : "remoteSourceControl",
      "location" : "https://github.com/apple/swift-http-types",
      "state" : {
        "revision" : "9410f6b9a3d418a5416cfe30d8de4227bc6890a0",
        "version" : "1.5.0"
      }
    }
  ],
  "version" : 3
}
